
Microsoft Visual Studio Solution File, Format Version 12.00
# Visual Studio 15
Project("{FAE04EC0-301F-11D3-BF4B-00C04F79EFBC}") = "Assembly-CSharp", "Assembly-CSharp.csproj", "{FE96C3FE-CB1E-0A89-BAE4-86B25999A81F}"
EndProject
Project("{FAE04EC0-301F-11D3-BF4B-00C04F79EFBC}") = "Assembly-CSharp-firstpass", "Assembly-CSharp-firstpass.csproj", "{4C2C7571-4CA0-005C-557E-BB88148F6C8E}"
EndProject
Project("{FAE04EC0-301F-11D3-BF4B-00C04F79EFBC}") = "Assembly-CSharp-Editor", "Assembly-CSharp-Editor.csproj", "{56924D33-9E56-B3C2-11C3-483274E115EB}"
EndProject
Global
	GlobalSection(SolutionConfigurationPlatforms) = preSolution
		Debug|Any CPU = Debug|Any CPU
		Release|Any CPU = Release|Any CPU
	EndGlobalSection
	GlobalSection(ProjectConfigurationPlatforms) = postSolution
		{FE96C3FE-CB1E-0A89-BAE4-86B25999A81F}.Debug|Any CPU.ActiveCfg = Debug|Any CPU
		{FE96C3FE-CB1E-0A89-BAE4-86B25999A81F}.Debug|Any CPU.Build.0 = Debug|Any CPU
		{FE96C3FE-CB1E-0A89-BAE4-86B25999A81F}.Release|Any CPU.ActiveCfg = Release|Any CPU
		{FE96C3FE-CB1E-0A89-BAE4-86B25999A81F}.Release|Any CPU.Build.0 = Release|Any CPU
		{4C2C7571-4CA0-005C-557E-BB88148F6C8E}.Debug|Any CPU.ActiveCfg = Debug|Any CPU
		{4C2C7571-4CA0-005C-557E-BB88148F6C8E}.Debug|Any CPU.Build.0 = Debug|Any CPU
		{4C2C7571-4CA0-005C-557E-BB88148F6C8E}.Release|Any CPU.ActiveCfg = Release|Any CPU
		{4C2C7571-4CA0-005C-557E-BB88148F6C8E}.Release|Any CPU.Build.0 = Release|Any CPU
		{56924D33-9E56-B3C2-11C3-483274E115EB}.Debug|Any CPU.ActiveCfg = Debug|Any CPU
		{56924D33-9E56-B3C2-11C3-483274E115EB}.Debug|Any CPU.Build.0 = Debug|Any CPU
		{56924D33-9E56-B3C2-11C3-483274E115EB}.Release|Any CPU.ActiveCfg = Release|Any CPU
		{56924D33-9E56-B3C2-11C3-483274E115EB}.Release|Any CPU.Build.0 = Release|Any CPU
	EndGlobalSection
	GlobalSection(SolutionProperties) = preSolution
		HideSolutionNode = FALSE
	EndGlobalSection
EndGlobal
